
Microsoft Visual Studio Solution File, Format Version 12.00
# Visual Studio 2012
Project("{059D6162-CD51-11D0-AE1F-00A0C90FFFC3}") = "color", "color\color.dsp", "{7B4313F7-F187-405C-AAA0-30C23439213C}"
EndProject
Global
	GlobalSection(SolutionProperties) = preSolution
		HideSolutionNode = FALSE
	EndGlobalSection
EndGlobal
